
Microsoft Visual Studio Solution File, Format Version 12.00
# Visual Studio Version 16
VisualStudioVersion = 16.0.31911.196
MinimumVisualStudioVersion = 10.0.40219.1
Project("{8BC9CEB8-8B4A-11D0-8D11-00A0C91BC942}") = "Volume-Rendering", "Volume-Rendering.vcxproj", "{52DDBA74-E4D3-4886-9D88-FE6F9F5F824A}"
EndProject
Global
	GlobalSection(SolutionConfigurationPlatforms) = preSolution
		Debug|x64 = Debug|x64
		Debug|x86 = Debug|x86
		Release|x64 = Release|x64
		Release|x86 = Release|x86
	EndGlobalSection
	GlobalSection(ProjectConfigurationPlatforms) = postSolution
		{52DDBA74-E4D3-4886-9D88-FE6F9F5F824A}.Debug|x64.ActiveCfg = Debug|x64
		{52DDBA74-E4D3-4886-9D88-FE6F9F5F824A}.Debug|x64.Build.0 = Debug|x64
		{52DDBA74-E4D3-4886-9D88-FE6F9F5F824A}.Debug|x86.ActiveCfg = Debug|Win32
		{52DDBA74-E4D3-4886-9D88-FE6F9F5F824A}.Debug|x86.Build.0 = Debug|Win32
		{52DDBA74-E4D3-4886-9D88-FE6F9F5F824A}.Release|x64.ActiveCfg = Release|x64
		{52DDBA74-E4D3-4886-9D88-FE6F9F5F824A}.Release|x64.Build.0 = Release|x64
		{52DDBA74-E4D3-4886-9D88-FE6F9F5F824A}.Release|x86.ActiveCfg = Release|Win32
		{52DDBA74-E4D3-4886-9D88-FE6F9F5F824A}.Release|x86.Build.0 = Release|Win32
	EndGlobalSection
	GlobalSection(SolutionProperties) = preSolution
		HideSolutionNode = FALSE
	EndGlobalSection
	GlobalSection(ExtensibilityGlobals) = postSolution
		SolutionGuid = {8EF61BAD-1F0F-473E-A258-B0E6684203A9}
	EndGlobalSection
EndGlobal
