<?xml version="1.0" encoding="utf-8"?>
<Project ToolsVersion="4.0" xmlns="http://schemas.microsoft.com/developer/msbuild/2003">
  <ItemGroup>
    <Filter Include="Source Files">
      <UniqueIdentifier>{4FC737F1-C7A5-4376-A066-2A32D752A2FF}</UniqueIdentifier>
      <Extensions>cpp;c;cc;cxx;c++;cppm;ixx;def;odl;idl;hpj;bat;asm;asmx</Extensions>
    </Filter>
    <Filter Include="Header Files">
      <UniqueIdentifier>{93995380-89BD-4b04-88EB-625FBE52EBFB}</UniqueIdentifier>
      <Extensions>h;hh;hpp;hxx;h++;hm;inl;inc;ipp;xsd</Extensions>
    </Filter>
    <Filter Include="Resource Files">
      <UniqueIdentifier>{67DA6AB6-F800-4c08-8B7A-83BB121AAD01}</UniqueIdentifier>
      <Extensions>rc;ico;cur;bmp;dlg;rc2;rct;bin;rgs;gif;jpg;jpeg;jpe;resx;tiff;tif;png;wav;mfcribbon-ms</Extensions>
    </Filter>
    <Filter Include="Header Files\VolumeModel">
      <UniqueIdentifier>{b42e5c60-dc17-4a99-8793-3580943a6a35}</UniqueIdentifier>
    </Filter>
    <Filter Include="Source Files\VolumeModel">
      <UniqueIdentifier>{1d5c0ef6-992d-4c9e-9ef6-7ca493fb1944}</UniqueIdentifier>
    </Filter>
  </ItemGroup>
  <ItemGroup>
    <ClCompile Include="src\MainWindow.cpp">
      <Filter>Source Files</Filter>
    </ClCompile>
    <ClCompile Include="src\main.cpp">
      <Filter>Source Files</Filter>
    </ClCompile>
    <ClCompile Include="src\Shader.cpp">
      <Filter>Source Files</Filter>
    </ClCompile>
    <ClCompile Include="src\VolumeMetadataDialog.cpp">
      <Filter>Source Files</Filter>
    </ClCompile>
    <ClCompile Include="src\VolumeViewCanvas.cpp">
      <Filter>Source Files</Filter>
    </ClCompile>
    <ClCompile Include="src\VolumeViewCanvas3D.cpp">
      <Filter>Source Files</Filter>
    </ClCompile>
    <ClCompile Include="src\VolumeViewCanvas2D.cpp">
      <Filter>Source Files</Filter>
    </ClCompile>
    <ClCompile Include="src\VolumeModel\TransferFunction1D.cpp">
      <Filter>Source Files\VolumeModel</Filter>
    </ClCompile>
    <ClCompile Include="src\VolumeModel\VolumeDataset.cpp">
      <Filter>Source Files\VolumeModel</Filter>
    </ClCompile>
  </ItemGroup>
  <ItemGroup>
    <ClInclude Include="src\MainWindow.h">
      <Filter>Header Files</Filter>
    </ClInclude>
    <ClInclude Include="src\Shader.h">
      <Filter>Header Files</Filter>
    </ClInclude>
    <ClInclude Include="src\VolumeMetadataDialog.h">
      <Filter>Header Files</Filter>
    </ClInclude>
    <ClInclude Include="src\VolumeViewCanvas.h">
      <Filter>Header Files</Filter>
    </ClInclude>
    <ClInclude Include="src\VolumeViewCanvas3D.h">
      <Filter>Header Files</Filter>
    </ClInclude>
    <ClInclude Include="src\VolumeViewCanvas2D.h">
      <Filter>Header Files</Filter>
    </ClInclude>
    <ClInclude Include="src\VolumeModel\TransferFunction1D.h">
      <Filter>Header Files\VolumeModel</Filter>
    </ClInclude>
    <ClInclude Include="src\VolumeModel\VolumeDataset.h">
      <Filter>Header Files\VolumeModel</Filter>
    </ClInclude>
  </ItemGroup>
  <ItemGroup>
    <None Include="shaders\volume_raycast_vert.glsl">
      <Filter>Resource Files</Filter>
    </None>
    <None Include="shaders\volume_raycast_frag.glsl">
      <Filter>Resource Files</Filter>
    </None>
    <None Include="shaders\volume_raycast_border_frag.glsl">
      <Filter>Resource Files</Filter>
    </None>
    <None Include="shaders\volume_cross_section_vert.glsl">
      <Filter>Resource Files</Filter>
    </None>
    <None Include="shaders\volume_cross_section_frag.glsl">
      <Filter>Resource Files</Filter>
    </None>
  </ItemGroup>
</Project>